
Microsoft Visual Studio Solution File, Format Version 12.00
# Visual Studio 2013
VisualStudioVersion = 12.0.31101.0
MinimumVisualStudioVersion = 10.0.40219.1
Project("{2150E333-8FDC-42A3-9474-1A3956D46DE8}") = "0. Solution Items", "0. Solution Items", "{AC43C6E5-89E1-4795-8A04-8425BECF849D}"
	ProjectSection(SolutionItems) = preProject
		Solution Items\Document\Document ( 文档 ).txt = Solution Items\Document\Document ( 文档 ).txt
		Solution Items\Document\General Permissions System ( 通用权限系统 ).txt = Solution Items\Document\General Permissions System ( 通用权限系统 ).txt
	EndProjectSection
EndProject
Project("{2150E333-8FDC-42A3-9474-1A3956D46DE8}") = "1. Client ( 客户端 )", "1. Client ( 客户端 )", "{88977874-954C-4648-B365-3FD179FC5A19}"
EndProject
Project("{2150E333-8FDC-42A3-9474-1A3956D46DE8}") = "2. Hosting Service ( 服务 )", "2. Hosting Service ( 服务 )", "{081755E4-FF9A-45CF-B380-EABA65FE06AB}"
EndProject
Project("{2150E333-8FDC-42A3-9474-1A3956D46DE8}") = "3. Domain ( 领域 )", "3. Domain ( 领域 )", "{53463511-6216-44F4-9A9D-6978684CAF42}"
EndProject
Project("{2150E333-8FDC-42A3-9474-1A3956D46DE8}") = "4. Infrastructure ( 基础设施 )", "4. Infrastructure ( 基础设施 )", "{745CEA2A-A8C7-46CB-BCE0-0B8273A1C781}"
EndProject
Project("{2150E333-8FDC-42A3-9474-1A3956D46DE8}") = "5. Database ( 数据库 )", "5. Database ( 数据库 )", "{23522AA2-4B8C-40E9-934B-5C0FE4B24869}"
EndProject
Project("{2150E333-8FDC-42A3-9474-1A3956D46DE8}") = "6. Tests ( 测试 )", "6. Tests ( 测试 )", "{25F22AE5-7497-4CF3-AA21-80A2981813C4}"
EndProject
Project("{2150E333-8FDC-42A3-9474-1A3956D46DE8}") = "7. Reference Libs ( 引用库 )", "7. Reference Libs ( 引用库 )", "{FAA165F9-D55D-42C1-B1DA-E58DBFC2513E}"
EndProject
Project("{2150E333-8FDC-42A3-9474-1A3956D46DE8}") = "8. Tools ( 工具 )", "8. Tools ( 工具 )", "{CCEFCABF-72B4-4253-A437-9621E866AA36}"
EndProject
Project("{FAE04EC0-301F-11D3-BF4B-00C04F79EFBC}") = "Qz.Web", "Client\Qz.Web\Qz.Web.csproj", "{3AB2A07A-2828-4DAC-A4FC-C249B288B28F}"
EndProject
Project("{FAE04EC0-301F-11D3-BF4B-00C04F79EFBC}") = "Qz.Winform", "Client\Qz.Winform\Qz.Winform.csproj", "{A99BD7EE-0DE9-40CD-9932-1D8BC910C4F9}"
EndProject
Project("{FAE04EC0-301F-11D3-BF4B-00C04F79EFBC}") = "Qz.WCFService", "Hosting Service\Qz.WCFService\Qz.WCFService.csproj", "{5F536EE7-F726-4836-B5E5-4E6B135A96B5}"
EndProject
Project("{FAE04EC0-301F-11D3-BF4B-00C04F79EFBC}") = "Qz.ServiceAdapter", "Hosting Service\Qz.ServiceAdapter\Qz.ServiceAdapter.csproj", "{F159875E-F314-455E-84DA-30236192359A}"
EndProject
Project("{FAE04EC0-301F-11D3-BF4B-00C04F79EFBC}") = "Qz.DirectService", "Hosting Service\Qz.DirectService\Qz.DirectService.csproj", "{FC7E37DD-1E66-4E49-A9AD-C9373D09F945}"
EndProject
Project("{FAE04EC0-301F-11D3-BF4B-00C04F79EFBC}") = "Qz.WebAPIService", "Hosting Service\Qz.WebAPIService\Qz.WebAPIService.csproj", "{D93A2CCC-F41D-4726-8162-14DF3F069CDD}"
EndProject
Project("{FAE04EC0-301F-11D3-BF4B-00C04F79EFBC}") = "Qz.Models", "Domain\Qz.Models\Qz.Models.csproj", "{400B1C07-1C0B-476F-9597-6A4CFDD83935}"
EndProject
Project("{FAE04EC0-301F-11D3-BF4B-00C04F79EFBC}") = "Qz.Repository", "Domain\Qz.Repository\Qz.Repository.csproj", "{6135F0F3-59B8-4B81-B12E-6C1A8E585115}"
EndProject
Project("{FAE04EC0-301F-11D3-BF4B-00C04F79EFBC}") = "Qz.UnitOfWorks", "Domain\Qz.UnitOfWorks\Qz.UnitOfWorks.csproj", "{29E86F44-9967-4874-8C9D-FA4614A9FF76}"
EndProject
Project("{FAE04EC0-301F-11D3-BF4B-00C04F79EFBC}") = "Qz.Common", "Infrastructure\Qz.Common\Qz.Common.csproj", "{4603D45B-1D33-45CA-AF56-60CCE3697495}"
EndProject
Project("{FAE04EC0-301F-11D3-BF4B-00C04F79EFBC}") = "Qz.Caching", "Infrastructure\Qz.Caching\Qz.Caching.csproj", "{24E63EC8-61D1-45F1-AFB2-D49C72BE6D78}"
EndProject
Project("{FAE04EC0-301F-11D3-BF4B-00C04F79EFBC}") = "Qz.Logging", "Infrastructure\Qz.Logging\Qz.Logging.csproj", "{01C4665E-3D87-4964-BCEC-B7664490F87B}"
EndProject
Project("{00D1A9C2-B5F0-4AF3-8072-F6C62B433612}") = "Qz.Database", "Database\Qz.Database\Qz.Database.sqlproj", "{739C30E0-194B-4846-9F29-D2D41E22EC79}"
EndProject
Project("{FAE04EC0-301F-11D3-BF4B-00C04F79EFBC}") = "Qz.Web.Tests", "Tests\Qz.Web.Tests\Qz.Web.Tests.csproj", "{32B9D5B6-33B3-4A90-9E69-C4735A39778C}"
EndProject
Project("{2150E333-8FDC-42A3-9474-1A3956D46DE8}") = "Solution Items", "Solution Items", "{649F23C1-ABA2-49B7-99E5-5E428FAF10DC}"
	ProjectSection(SolutionItems) = preProject
		Local.testsettings = Local.testsettings
	EndProjectSection
EndProject
Project("{FAE04EC0-301F-11D3-BF4B-00C04F79EFBC}") = "Qz.Base.Tests", "Tests\Qz.Base.Tests\Qz.Base.Tests.csproj", "{71DCCC29-A265-487E-AB6F-53158BF50949}"
EndProject
Project("{FAE04EC0-301F-11D3-BF4B-00C04F79EFBC}") = "Qz.Domain.Tests", "Tests\Qz.Domain.Tests\Qz.Domain.Tests.csproj", "{1A94C07D-29CA-47BE-90FA-82374BB0706A}"
EndProject
Project("{FAE04EC0-301F-11D3-BF4B-00C04F79EFBC}") = "Qz.Infrastructure.Tests", "Tests\Qz.Infrastructure.Tests\Qz.Infrastructure.Tests.csproj", "{33B7D857-1368-4F6E-A46E-9FC3AF9A06F5}"
EndProject
Project("{FAE04EC0-301F-11D3-BF4B-00C04F79EFBC}") = "Qz.WCFService.Tests", "Tests\Qz.WCFService.Tests\Qz.WCFService.Tests.csproj", "{29C3B61B-231F-4B49-8B7F-104C68FF8167}"
EndProject
Project("{FAE04EC0-301F-11D3-BF4B-00C04F79EFBC}") = "Qz.Core", "Infrastructure\Qz.Core\Qz.Core.csproj", "{7D3DCAD1-F44E-4794-8D8A-6237B6021A27}"
EndProject
Project("{FAE04EC0-301F-11D3-BF4B-00C04F79EFBC}") = "Qz.GPS.Web", "Client\Qz.GPS.Web\Qz.GPS.Web.csproj", "{7139E316-CAF3-4C27-BBFF-80A22DAF23C5}"
	ProjectSection(ProjectDependencies) = postProject
		{3AB2A07A-2828-4DAC-A4FC-C249B288B28F} = {3AB2A07A-2828-4DAC-A4FC-C249B288B28F}
		{0A4778F9-D381-4961-A6D1-57CDD68E5FD7} = {0A4778F9-D381-4961-A6D1-57CDD68E5FD7}
	EndProjectSection
EndProject
Project("{FAE04EC0-301F-11D3-BF4B-00C04F79EFBC}") = "Qz.GPS.DirectService", "Hosting Service\Qz.GPS.DirectService\Qz.GPS.DirectService.csproj", "{90B6B0F6-2B7C-4589-8BE8-317995DF5537}"
EndProject
Project("{FAE04EC0-301F-11D3-BF4B-00C04F79EFBC}") = "Qz.GPS.WCFService", "Hosting Service\Qz.GPS.WCFService\Qz.GPS.WCFService.csproj", "{0A4778F9-D381-4961-A6D1-57CDD68E5FD7}"
EndProject
Project("{FAE04EC0-301F-11D3-BF4B-00C04F79EFBC}") = "Qz.GPS.ServiceAdapter", "Hosting Service\Qz.GPS.ServiceAdapter\Qz.GPS.ServiceAdapter.csproj", "{7865B624-A6C3-43EF-AAA3-584CC9DB6CC5}"
EndProject
Project("{FAE04EC0-301F-11D3-BF4B-00C04F79EFBC}") = "Zephyr.Utils", "Tools\Zephyr.Utils\Zephyr.Utils.csproj", "{08D608FE-DD08-42FB-AF69-E89E2528A6DD}"
EndProject
Project("{FAE04EC0-301F-11D3-BF4B-00C04F79EFBC}") = "Qz.GPS.WebAPIService", "Hosting Service\Qz.GPS.WebAPIService\Qz.GPS.WebAPIService.csproj", "{0E200281-9701-4EDC-866A-E48831BC2263}"
EndProject
Project("{FAE04EC0-301F-11D3-BF4B-00C04F79EFBC}") = "Qz.GPS.Service.Tests", "Tests\Qz.GPS.Service.Tests\Qz.GPS.Service.Tests.csproj", "{B45064E9-4E6F-4A37-9C66-F98D61CBE849}"
EndProject
Project("{FAE04EC0-301F-11D3-BF4B-00C04F79EFBC}") = "Qz.Console.Tests", "Tests\Qz.Console.Tests\Qz.Console.Tests.csproj", "{AA8043B6-3103-46B6-B890-EBEB7A3D4072}"
EndProject
Project("{FAE04EC0-301F-11D3-BF4B-00C04F79EFBC}") = "Qz.GPS.ViewModel", "Client\Qz.GPS.ViewModel\Qz.GPS.ViewModel.csproj", "{7EA9935D-3778-487C-BBC7-7E521C33298B}"
EndProject
Project("{FAE04EC0-301F-11D3-BF4B-00C04F79EFBC}") = "Qz.Console", "Client\Qz.Console\Qz.Console.csproj", "{7526FFC3-C6A0-4216-A46F-31CCFE530F37}"
EndProject
Project("{2150E333-8FDC-42A3-9474-1A3956D46DE8}") = ".nuget", ".nuget", "{E8FA0003-446B-4EFF-A566-3195366A9E8C}"
	ProjectSection(SolutionItems) = preProject
		.nuget\NuGet.Config = .nuget\NuGet.Config
		.nuget\NuGet.exe = .nuget\NuGet.exe
		.nuget\NuGet.targets = .nuget\NuGet.targets
	EndProjectSection
EndProject
Global
	GlobalSection(SolutionConfigurationPlatforms) = preSolution
		Debug|Any CPU = Debug|Any CPU
		Release|Any CPU = Release|Any CPU
	EndGlobalSection
	GlobalSection(ProjectConfigurationPlatforms) = postSolution
		{3AB2A07A-2828-4DAC-A4FC-C249B288B28F}.Debug|Any CPU.ActiveCfg = Debug|Any CPU
		{3AB2A07A-2828-4DAC-A4FC-C249B288B28F}.Debug|Any CPU.Build.0 = Debug|Any CPU
		{3AB2A07A-2828-4DAC-A4FC-C249B288B28F}.Release|Any CPU.ActiveCfg = Release|Any CPU
		{3AB2A07A-2828-4DAC-A4FC-C249B288B28F}.Release|Any CPU.Build.0 = Release|Any CPU
		{A99BD7EE-0DE9-40CD-9932-1D8BC910C4F9}.Debug|Any CPU.ActiveCfg = Debug|Any CPU
		{A99BD7EE-0DE9-40CD-9932-1D8BC910C4F9}.Debug|Any CPU.Build.0 = Debug|Any CPU
		{A99BD7EE-0DE9-40CD-9932-1D8BC910C4F9}.Release|Any CPU.ActiveCfg = Release|Any CPU
		{A99BD7EE-0DE9-40CD-9932-1D8BC910C4F9}.Release|Any CPU.Build.0 = Release|Any CPU
		{5F536EE7-F726-4836-B5E5-4E6B135A96B5}.Debug|Any CPU.ActiveCfg = Debug|Any CPU
		{5F536EE7-F726-4836-B5E5-4E6B135A96B5}.Debug|Any CPU.Build.0 = Debug|Any CPU
		{5F536EE7-F726-4836-B5E5-4E6B135A96B5}.Release|Any CPU.ActiveCfg = Release|Any CPU
		{5F536EE7-F726-4836-B5E5-4E6B135A96B5}.Release|Any CPU.Build.0 = Release|Any CPU
		{F159875E-F314-455E-84DA-30236192359A}.Debug|Any CPU.ActiveCfg = Debug|Any CPU
		{F159875E-F314-455E-84DA-30236192359A}.Debug|Any CPU.Build.0 = Debug|Any CPU
		{F159875E-F314-455E-84DA-30236192359A}.Release|Any CPU.ActiveCfg = Release|Any CPU
		{F159875E-F314-455E-84DA-30236192359A}.Release|Any CPU.Build.0 = Release|Any CPU
		{FC7E37DD-1E66-4E49-A9AD-C9373D09F945}.Debug|Any CPU.ActiveCfg = Debug|Any CPU
		{FC7E37DD-1E66-4E49-A9AD-C9373D09F945}.Debug|Any CPU.Build.0 = Debug|Any CPU
		{FC7E37DD-1E66-4E49-A9AD-C9373D09F945}.Release|Any CPU.ActiveCfg = Release|Any CPU
		{FC7E37DD-1E66-4E49-A9AD-C9373D09F945}.Release|Any CPU.Build.0 = Release|Any CPU
		{D93A2CCC-F41D-4726-8162-14DF3F069CDD}.Debug|Any CPU.ActiveCfg = Debug|Any CPU
		{D93A2CCC-F41D-4726-8162-14DF3F069CDD}.Debug|Any CPU.Build.0 = Debug|Any CPU
		{D93A2CCC-F41D-4726-8162-14DF3F069CDD}.Release|Any CPU.ActiveCfg = Release|Any CPU
		{D93A2CCC-F41D-4726-8162-14DF3F069CDD}.Release|Any CPU.Build.0 = Release|Any CPU
		{400B1C07-1C0B-476F-9597-6A4CFDD83935}.Debug|Any CPU.ActiveCfg = Release|Any CPU
		{400B1C07-1C0B-476F-9597-6A4CFDD83935}.Debug|Any CPU.Build.0 = Release|Any CPU
		{400B1C07-1C0B-476F-9597-6A4CFDD83935}.Release|Any CPU.ActiveCfg = Release|Any CPU
		{400B1C07-1C0B-476F-9597-6A4CFDD83935}.Release|Any CPU.Build.0 = Release|Any CPU
		{6135F0F3-59B8-4B81-B12E-6C1A8E585115}.Debug|Any CPU.ActiveCfg = Debug|Any CPU
		{6135F0F3-59B8-4B81-B12E-6C1A8E585115}.Debug|Any CPU.Build.0 = Debug|Any CPU
		{6135F0F3-59B8-4B81-B12E-6C1A8E585115}.Release|Any CPU.ActiveCfg = Release|Any CPU
		{6135F0F3-59B8-4B81-B12E-6C1A8E585115}.Release|Any CPU.Build.0 = Release|Any CPU
		{29E86F44-9967-4874-8C9D-FA4614A9FF76}.Debug|Any CPU.ActiveCfg = Debug|Any CPU
		{29E86F44-9967-4874-8C9D-FA4614A9FF76}.Debug|Any CPU.Build.0 = Debug|Any CPU
		{29E86F44-9967-4874-8C9D-FA4614A9FF76}.Release|Any CPU.ActiveCfg = Release|Any CPU
		{29E86F44-9967-4874-8C9D-FA4614A9FF76}.Release|Any CPU.Build.0 = Release|Any CPU
		{4603D45B-1D33-45CA-AF56-60CCE3697495}.Debug|Any CPU.ActiveCfg = Debug|Any CPU
		{4603D45B-1D33-45CA-AF56-60CCE3697495}.Debug|Any CPU.Build.0 = Debug|Any CPU
		{4603D45B-1D33-45CA-AF56-60CCE3697495}.Release|Any CPU.ActiveCfg = Release|Any CPU
		{4603D45B-1D33-45CA-AF56-60CCE3697495}.Release|Any CPU.Build.0 = Release|Any CPU
		{24E63EC8-61D1-45F1-AFB2-D49C72BE6D78}.Debug|Any CPU.ActiveCfg = Debug|Any CPU
		{24E63EC8-61D1-45F1-AFB2-D49C72BE6D78}.Debug|Any CPU.Build.0 = Debug|Any CPU
		{24E63EC8-61D1-45F1-AFB2-D49C72BE6D78}.Release|Any CPU.ActiveCfg = Release|Any CPU
		{24E63EC8-61D1-45F1-AFB2-D49C72BE6D78}.Release|Any CPU.Build.0 = Release|Any CPU
		{01C4665E-3D87-4964-BCEC-B7664490F87B}.Debug|Any CPU.ActiveCfg = Debug|Any CPU
		{01C4665E-3D87-4964-BCEC-B7664490F87B}.Debug|Any CPU.Build.0 = Debug|Any CPU
		{01C4665E-3D87-4964-BCEC-B7664490F87B}.Release|Any CPU.ActiveCfg = Release|Any CPU
		{01C4665E-3D87-4964-BCEC-B7664490F87B}.Release|Any CPU.Build.0 = Release|Any CPU
		{739C30E0-194B-4846-9F29-D2D41E22EC79}.Debug|Any CPU.ActiveCfg = Debug|Any CPU
		{739C30E0-194B-4846-9F29-D2D41E22EC79}.Debug|Any CPU.Build.0 = Debug|Any CPU
		{739C30E0-194B-4846-9F29-D2D41E22EC79}.Debug|Any CPU.Deploy.0 = Debug|Any CPU
		{739C30E0-194B-4846-9F29-D2D41E22EC79}.Release|Any CPU.ActiveCfg = Release|Any CPU
		{739C30E0-194B-4846-9F29-D2D41E22EC79}.Release|Any CPU.Build.0 = Release|Any CPU
		{739C30E0-194B-4846-9F29-D2D41E22EC79}.Release|Any CPU.Deploy.0 = Release|Any CPU
		{32B9D5B6-33B3-4A90-9E69-C4735A39778C}.Debug|Any CPU.ActiveCfg = Debug|Any CPU
		{32B9D5B6-33B3-4A90-9E69-C4735A39778C}.Debug|Any CPU.Build.0 = Debug|Any CPU
		{32B9D5B6-33B3-4A90-9E69-C4735A39778C}.Release|Any CPU.ActiveCfg = Release|Any CPU
		{32B9D5B6-33B3-4A90-9E69-C4735A39778C}.Release|Any CPU.Build.0 = Release|Any CPU
		{71DCCC29-A265-487E-AB6F-53158BF50949}.Debug|Any CPU.ActiveCfg = Debug|Any CPU
		{71DCCC29-A265-487E-AB6F-53158BF50949}.Debug|Any CPU.Build.0 = Debug|Any CPU
		{71DCCC29-A265-487E-AB6F-53158BF50949}.Release|Any CPU.ActiveCfg = Release|Any CPU
		{71DCCC29-A265-487E-AB6F-53158BF50949}.Release|Any CPU.Build.0 = Release|Any CPU
		{1A94C07D-29CA-47BE-90FA-82374BB0706A}.Debug|Any CPU.ActiveCfg = Debug|Any CPU
		{1A94C07D-29CA-47BE-90FA-82374BB0706A}.Debug|Any CPU.Build.0 = Debug|Any CPU
		{1A94C07D-29CA-47BE-90FA-82374BB0706A}.Release|Any CPU.ActiveCfg = Release|Any CPU
		{1A94C07D-29CA-47BE-90FA-82374BB0706A}.Release|Any CPU.Build.0 = Release|Any CPU
		{33B7D857-1368-4F6E-A46E-9FC3AF9A06F5}.Debug|Any CPU.ActiveCfg = Debug|Any CPU
		{33B7D857-1368-4F6E-A46E-9FC3AF9A06F5}.Debug|Any CPU.Build.0 = Debug|Any CPU
		{33B7D857-1368-4F6E-A46E-9FC3AF9A06F5}.Release|Any CPU.ActiveCfg = Release|Any CPU
		{33B7D857-1368-4F6E-A46E-9FC3AF9A06F5}.Release|Any CPU.Build.0 = Release|Any CPU
		{29C3B61B-231F-4B49-8B7F-104C68FF8167}.Debug|Any CPU.ActiveCfg = Debug|Any CPU
		{29C3B61B-231F-4B49-8B7F-104C68FF8167}.Debug|Any CPU.Build.0 = Debug|Any CPU
		{29C3B61B-231F-4B49-8B7F-104C68FF8167}.Release|Any CPU.ActiveCfg = Release|Any CPU
		{29C3B61B-231F-4B49-8B7F-104C68FF8167}.Release|Any CPU.Build.0 = Release|Any CPU
		{7D3DCAD1-F44E-4794-8D8A-6237B6021A27}.Debug|Any CPU.ActiveCfg = Debug|Any CPU
		{7D3DCAD1-F44E-4794-8D8A-6237B6021A27}.Debug|Any CPU.Build.0 = Debug|Any CPU
		{7D3DCAD1-F44E-4794-8D8A-6237B6021A27}.Release|Any CPU.ActiveCfg = Release|Any CPU
		{7D3DCAD1-F44E-4794-8D8A-6237B6021A27}.Release|Any CPU.Build.0 = Release|Any CPU
		{7139E316-CAF3-4C27-BBFF-80A22DAF23C5}.Debug|Any CPU.ActiveCfg = Debug|Any CPU
		{7139E316-CAF3-4C27-BBFF-80A22DAF23C5}.Debug|Any CPU.Build.0 = Debug|Any CPU
		{7139E316-CAF3-4C27-BBFF-80A22DAF23C5}.Release|Any CPU.ActiveCfg = Release|Any CPU
		{7139E316-CAF3-4C27-BBFF-80A22DAF23C5}.Release|Any CPU.Build.0 = Release|Any CPU
		{90B6B0F6-2B7C-4589-8BE8-317995DF5537}.Debug|Any CPU.ActiveCfg = Debug|Any CPU
		{90B6B0F6-2B7C-4589-8BE8-317995DF5537}.Debug|Any CPU.Build.0 = Debug|Any CPU
		{90B6B0F6-2B7C-4589-8BE8-317995DF5537}.Release|Any CPU.ActiveCfg = Release|Any CPU
		{90B6B0F6-2B7C-4589-8BE8-317995DF5537}.Release|Any CPU.Build.0 = Release|Any CPU
		{0A4778F9-D381-4961-A6D1-57CDD68E5FD7}.Debug|Any CPU.ActiveCfg = Debug|Any CPU
		{0A4778F9-D381-4961-A6D1-57CDD68E5FD7}.Debug|Any CPU.Build.0 = Debug|Any CPU
		{0A4778F9-D381-4961-A6D1-57CDD68E5FD7}.Release|Any CPU.ActiveCfg = Release|Any CPU
		{0A4778F9-D381-4961-A6D1-57CDD68E5FD7}.Release|Any CPU.Build.0 = Release|Any CPU
		{7865B624-A6C3-43EF-AAA3-584CC9DB6CC5}.Debug|Any CPU.ActiveCfg = Debug|Any CPU
		{7865B624-A6C3-43EF-AAA3-584CC9DB6CC5}.Debug|Any CPU.Build.0 = Debug|Any CPU
		{7865B624-A6C3-43EF-AAA3-584CC9DB6CC5}.Release|Any CPU.ActiveCfg = Release|Any CPU
		{7865B624-A6C3-43EF-AAA3-584CC9DB6CC5}.Release|Any CPU.Build.0 = Release|Any CPU
		{08D608FE-DD08-42FB-AF69-E89E2528A6DD}.Debug|Any CPU.ActiveCfg = Debug|Any CPU
		{08D608FE-DD08-42FB-AF69-E89E2528A6DD}.Debug|Any CPU.Build.0 = Debug|Any CPU
		{08D608FE-DD08-42FB-AF69-E89E2528A6DD}.Release|Any CPU.ActiveCfg = Release|Any CPU
		{08D608FE-DD08-42FB-AF69-E89E2528A6DD}.Release|Any CPU.Build.0 = Release|Any CPU
		{0E200281-9701-4EDC-866A-E48831BC2263}.Debug|Any CPU.ActiveCfg = Debug|Any CPU
		{0E200281-9701-4EDC-866A-E48831BC2263}.Debug|Any CPU.Build.0 = Debug|Any CPU
		{0E200281-9701-4EDC-866A-E48831BC2263}.Release|Any CPU.ActiveCfg = Release|Any CPU
		{0E200281-9701-4EDC-866A-E48831BC2263}.Release|Any CPU.Build.0 = Release|Any CPU
		{B45064E9-4E6F-4A37-9C66-F98D61CBE849}.Debug|Any CPU.ActiveCfg = Debug|Any CPU
		{B45064E9-4E6F-4A37-9C66-F98D61CBE849}.Debug|Any CPU.Build.0 = Debug|Any CPU
		{B45064E9-4E6F-4A37-9C66-F98D61CBE849}.Release|Any CPU.ActiveCfg = Release|Any CPU
		{B45064E9-4E6F-4A37-9C66-F98D61CBE849}.Release|Any CPU.Build.0 = Release|Any CPU
		{AA8043B6-3103-46B6-B890-EBEB7A3D4072}.Debug|Any CPU.ActiveCfg = Debug|Any CPU
		{AA8043B6-3103-46B6-B890-EBEB7A3D4072}.Debug|Any CPU.Build.0 = Debug|Any CPU
		{AA8043B6-3103-46B6-B890-EBEB7A3D4072}.Release|Any CPU.ActiveCfg = Release|Any CPU
		{AA8043B6-3103-46B6-B890-EBEB7A3D4072}.Release|Any CPU.Build.0 = Release|Any CPU
		{7EA9935D-3778-487C-BBC7-7E521C33298B}.Debug|Any CPU.ActiveCfg = Debug|Any CPU
		{7EA9935D-3778-487C-BBC7-7E521C33298B}.Debug|Any CPU.Build.0 = Debug|Any CPU
		{7EA9935D-3778-487C-BBC7-7E521C33298B}.Release|Any CPU.ActiveCfg = Release|Any CPU
		{7EA9935D-3778-487C-BBC7-7E521C33298B}.Release|Any CPU.Build.0 = Release|Any CPU
		{7526FFC3-C6A0-4216-A46F-31CCFE530F37}.Debug|Any CPU.ActiveCfg = Debug|Any CPU
		{7526FFC3-C6A0-4216-A46F-31CCFE530F37}.Debug|Any CPU.Build.0 = Debug|Any CPU
		{7526FFC3-C6A0-4216-A46F-31CCFE530F37}.Release|Any CPU.ActiveCfg = Release|Any CPU
		{7526FFC3-C6A0-4216-A46F-31CCFE530F37}.Release|Any CPU.Build.0 = Release|Any CPU
	EndGlobalSection
	GlobalSection(SolutionProperties) = preSolution
		HideSolutionNode = FALSE
	EndGlobalSection
	GlobalSection(NestedProjects) = preSolution
		{3AB2A07A-2828-4DAC-A4FC-C249B288B28F} = {88977874-954C-4648-B365-3FD179FC5A19}
		{A99BD7EE-0DE9-40CD-9932-1D8BC910C4F9} = {88977874-954C-4648-B365-3FD179FC5A19}
		{5F536EE7-F726-4836-B5E5-4E6B135A96B5} = {081755E4-FF9A-45CF-B380-EABA65FE06AB}
		{F159875E-F314-455E-84DA-30236192359A} = {081755E4-FF9A-45CF-B380-EABA65FE06AB}
		{FC7E37DD-1E66-4E49-A9AD-C9373D09F945} = {081755E4-FF9A-45CF-B380-EABA65FE06AB}
		{D93A2CCC-F41D-4726-8162-14DF3F069CDD} = {081755E4-FF9A-45CF-B380-EABA65FE06AB}
		{400B1C07-1C0B-476F-9597-6A4CFDD83935} = {53463511-6216-44F4-9A9D-6978684CAF42}
		{6135F0F3-59B8-4B81-B12E-6C1A8E585115} = {53463511-6216-44F4-9A9D-6978684CAF42}
		{29E86F44-9967-4874-8C9D-FA4614A9FF76} = {53463511-6216-44F4-9A9D-6978684CAF42}
		{4603D45B-1D33-45CA-AF56-60CCE3697495} = {745CEA2A-A8C7-46CB-BCE0-0B8273A1C781}
		{24E63EC8-61D1-45F1-AFB2-D49C72BE6D78} = {745CEA2A-A8C7-46CB-BCE0-0B8273A1C781}
		{01C4665E-3D87-4964-BCEC-B7664490F87B} = {745CEA2A-A8C7-46CB-BCE0-0B8273A1C781}
		{739C30E0-194B-4846-9F29-D2D41E22EC79} = {23522AA2-4B8C-40E9-934B-5C0FE4B24869}
		{32B9D5B6-33B3-4A90-9E69-C4735A39778C} = {25F22AE5-7497-4CF3-AA21-80A2981813C4}
		{649F23C1-ABA2-49B7-99E5-5E428FAF10DC} = {25F22AE5-7497-4CF3-AA21-80A2981813C4}
		{71DCCC29-A265-487E-AB6F-53158BF50949} = {25F22AE5-7497-4CF3-AA21-80A2981813C4}
		{1A94C07D-29CA-47BE-90FA-82374BB0706A} = {25F22AE5-7497-4CF3-AA21-80A2981813C4}
		{33B7D857-1368-4F6E-A46E-9FC3AF9A06F5} = {25F22AE5-7497-4CF3-AA21-80A2981813C4}
		{29C3B61B-231F-4B49-8B7F-104C68FF8167} = {25F22AE5-7497-4CF3-AA21-80A2981813C4}
		{7D3DCAD1-F44E-4794-8D8A-6237B6021A27} = {745CEA2A-A8C7-46CB-BCE0-0B8273A1C781}
		{7139E316-CAF3-4C27-BBFF-80A22DAF23C5} = {88977874-954C-4648-B365-3FD179FC5A19}
		{90B6B0F6-2B7C-4589-8BE8-317995DF5537} = {081755E4-FF9A-45CF-B380-EABA65FE06AB}
		{0A4778F9-D381-4961-A6D1-57CDD68E5FD7} = {081755E4-FF9A-45CF-B380-EABA65FE06AB}
		{7865B624-A6C3-43EF-AAA3-584CC9DB6CC5} = {081755E4-FF9A-45CF-B380-EABA65FE06AB}
		{08D608FE-DD08-42FB-AF69-E89E2528A6DD} = {CCEFCABF-72B4-4253-A437-9621E866AA36}
		{0E200281-9701-4EDC-866A-E48831BC2263} = {081755E4-FF9A-45CF-B380-EABA65FE06AB}
		{B45064E9-4E6F-4A37-9C66-F98D61CBE849} = {25F22AE5-7497-4CF3-AA21-80A2981813C4}
		{AA8043B6-3103-46B6-B890-EBEB7A3D4072} = {25F22AE5-7497-4CF3-AA21-80A2981813C4}
		{7EA9935D-3778-487C-BBC7-7E521C33298B} = {88977874-954C-4648-B365-3FD179FC5A19}
		{7526FFC3-C6A0-4216-A46F-31CCFE530F37} = {88977874-954C-4648-B365-3FD179FC5A19}
	EndGlobalSection
EndGlobal
